
Microsoft Visual Studio Solution File, Format Version 12.00
# Visual Studio Version 16
VisualStudioVersion = 25.0.1703.4
MinimumVisualStudioVersion = 10.0.40219.1
Project("{FAE04EC0-301F-11D3-BF4B-00C04F79EFBC}") = "ASP_Demo", "ASP_Demo\ASP_Demo.csproj", "{DAB50523-C420-4252-A926-BBCB24EA98B1}"
EndProject
Global
	GlobalSection(SolutionConfigurationPlatforms) = preSolution
		Debug|Any CPU = Debug|Any CPU
		Release|Any CPU = Release|Any CPU
	EndGlobalSection
	GlobalSection(ProjectConfigurationPlatforms) = postSolution
		{DAB50523-C420-4252-A926-BBCB24EA98B1}.Debug|Any CPU.ActiveCfg = Debug|Any CPU
		{DAB50523-C420-4252-A926-BBCB24EA98B1}.Debug|Any CPU.Build.0 = Debug|Any CPU
		{DAB50523-C420-4252-A926-BBCB24EA98B1}.Release|Any CPU.ActiveCfg = Release|Any CPU
		{DAB50523-C420-4252-A926-BBCB24EA98B1}.Release|Any CPU.Build.0 = Release|Any CPU
	EndGlobalSection
	GlobalSection(SolutionProperties) = preSolution
		HideSolutionNode = FALSE
	EndGlobalSection
	GlobalSection(ExtensibilityGlobals) = postSolution
		SolutionGuid = {23906F6A-B374-48E0-ACCC-DD52A33287D7}
	EndGlobalSection
EndGlobal
